
Microsoft Visual Studio Solution File, Format Version 12.00
# Visual Studio 15
Project("{FAE04EC0-301F-11D3-BF4B-00C04F79EFBC}") = "Assembly-CSharp", "Assembly-CSharp.csproj", "{AB442337-82AA-9032-5D76-E9E64916DE83}"
EndProject
Project("{FAE04EC0-301F-11D3-BF4B-00C04F79EFBC}") = "UniTask", "UniTask.csproj", "{9F3A1DE5-193D-CF00-F24E-42138703B0FD}"
EndProject
Project("{FAE04EC0-301F-11D3-BF4B-00C04F79EFBC}") = "UniTask.Linq", "UniTask.Linq.csproj", "{0BC72B6D-96F5-899F-BD23-1ADD34D1C64B}"
EndProject
Project("{FAE04EC0-301F-11D3-BF4B-00C04F79EFBC}") = "UniTask.TextMeshPro", "UniTask.TextMeshPro.csproj", "{1216862D-CBE7-359B-97C6-ED84D76AFDC5}"
EndProject
Project("{FAE04EC0-301F-11D3-BF4B-00C04F79EFBC}") = "UniTask.DOTween", "UniTask.DOTween.csproj", "{9D287B17-0AB5-CF48-B038-654F63BC1871}"
EndProject
Project("{FAE04EC0-301F-11D3-BF4B-00C04F79EFBC}") = "UniTask.Addressables", "UniTask.Addressables.csproj", "{71F4602D-9049-FF17-08DB-22B709076F2F}"
EndProject
Project("{FAE04EC0-301F-11D3-BF4B-00C04F79EFBC}") = "UniRx", "UniRx.csproj", "{33E3DD31-68CD-BEF6-A4B3-F6C5BA7AE8F4}"
EndProject
Project("{FAE04EC0-301F-11D3-BF4B-00C04F79EFBC}") = "UniRx.Examples", "UniRx.Examples.csproj", "{6C9522AE-33BD-3F92-CA14-38C81FE07E91}"
EndProject
Project("{FAE04EC0-301F-11D3-BF4B-00C04F79EFBC}") = "Assembly-CSharp-Editor", "Assembly-CSharp-Editor.csproj", "{14728F56-D0E0-E755-D6B6-31D1ED5D000F}"
EndProject
Project("{FAE04EC0-301F-11D3-BF4B-00C04F79EFBC}") = "UniTask.Editor", "UniTask.Editor.csproj", "{688339FF-301A-82CE-8351-7F602D56C4E6}"
EndProject
Global
	GlobalSection(SolutionConfigurationPlatforms) = preSolution
		Debug|Any CPU = Debug|Any CPU
		Release|Any CPU = Release|Any CPU
	EndGlobalSection
	GlobalSection(ProjectConfigurationPlatforms) = postSolution
		{AB442337-82AA-9032-5D76-E9E64916DE83}.Debug|Any CPU.ActiveCfg = Debug|Any CPU
		{AB442337-82AA-9032-5D76-E9E64916DE83}.Debug|Any CPU.Build.0 = Debug|Any CPU
		{AB442337-82AA-9032-5D76-E9E64916DE83}.Release|Any CPU.ActiveCfg = Release|Any CPU
		{AB442337-82AA-9032-5D76-E9E64916DE83}.Release|Any CPU.Build.0 = Release|Any CPU
		{9F3A1DE5-193D-CF00-F24E-42138703B0FD}.Debug|Any CPU.ActiveCfg = Debug|Any CPU
		{9F3A1DE5-193D-CF00-F24E-42138703B0FD}.Debug|Any CPU.Build.0 = Debug|Any CPU
		{9F3A1DE5-193D-CF00-F24E-42138703B0FD}.Release|Any CPU.ActiveCfg = Release|Any CPU
		{9F3A1DE5-193D-CF00-F24E-42138703B0FD}.Release|Any CPU.Build.0 = Release|Any CPU
		{0BC72B6D-96F5-899F-BD23-1ADD34D1C64B}.Debug|Any CPU.ActiveCfg = Debug|Any CPU
		{0BC72B6D-96F5-899F-BD23-1ADD34D1C64B}.Debug|Any CPU.Build.0 = Debug|Any CPU
		{0BC72B6D-96F5-899F-BD23-1ADD34D1C64B}.Release|Any CPU.ActiveCfg = Release|Any CPU
		{0BC72B6D-96F5-899F-BD23-1ADD34D1C64B}.Release|Any CPU.Build.0 = Release|Any CPU
		{1216862D-CBE7-359B-97C6-ED84D76AFDC5}.Debug|Any CPU.ActiveCfg = Debug|Any CPU
		{1216862D-CBE7-359B-97C6-ED84D76AFDC5}.Debug|Any CPU.Build.0 = Debug|Any CPU
		{1216862D-CBE7-359B-97C6-ED84D76AFDC5}.Release|Any CPU.ActiveCfg = Release|Any CPU
		{1216862D-CBE7-359B-97C6-ED84D76AFDC5}.Release|Any CPU.Build.0 = Release|Any CPU
		{9D287B17-0AB5-CF48-B038-654F63BC1871}.Debug|Any CPU.ActiveCfg = Debug|Any CPU
		{9D287B17-0AB5-CF48-B038-654F63BC1871}.Debug|Any CPU.Build.0 = Debug|Any CPU
		{9D287B17-0AB5-CF48-B038-654F63BC1871}.Release|Any CPU.ActiveCfg = Release|Any CPU
		{9D287B17-0AB5-CF48-B038-654F63BC1871}.Release|Any CPU.Build.0 = Release|Any CPU
		{71F4602D-9049-FF17-08DB-22B709076F2F}.Debug|Any CPU.ActiveCfg = Debug|Any CPU
		{71F4602D-9049-FF17-08DB-22B709076F2F}.Debug|Any CPU.Build.0 = Debug|Any CPU
		{71F4602D-9049-FF17-08DB-22B709076F2F}.Release|Any CPU.ActiveCfg = Release|Any CPU
		{71F4602D-9049-FF17-08DB-22B709076F2F}.Release|Any CPU.Build.0 = Release|Any CPU
		{33E3DD31-68CD-BEF6-A4B3-F6C5BA7AE8F4}.Debug|Any CPU.ActiveCfg = Debug|Any CPU
		{33E3DD31-68CD-BEF6-A4B3-F6C5BA7AE8F4}.Debug|Any CPU.Build.0 = Debug|Any CPU
		{33E3DD31-68CD-BEF6-A4B3-F6C5BA7AE8F4}.Release|Any CPU.ActiveCfg = Release|Any CPU
		{33E3DD31-68CD-BEF6-A4B3-F6C5BA7AE8F4}.Release|Any CPU.Build.0 = Release|Any CPU
		{6C9522AE-33BD-3F92-CA14-38C81FE07E91}.Debug|Any CPU.ActiveCfg = Debug|Any CPU
		{6C9522AE-33BD-3F92-CA14-38C81FE07E91}.Debug|Any CPU.Build.0 = Debug|Any CPU
		{6C9522AE-33BD-3F92-CA14-38C81FE07E91}.Release|Any CPU.ActiveCfg = Release|Any CPU
		{6C9522AE-33BD-3F92-CA14-38C81FE07E91}.Release|Any CPU.Build.0 = Release|Any CPU
		{14728F56-D0E0-E755-D6B6-31D1ED5D000F}.Debug|Any CPU.ActiveCfg = Debug|Any CPU
		{14728F56-D0E0-E755-D6B6-31D1ED5D000F}.Debug|Any CPU.Build.0 = Debug|Any CPU
		{14728F56-D0E0-E755-D6B6-31D1ED5D000F}.Release|Any CPU.ActiveCfg = Release|Any CPU
		{14728F56-D0E0-E755-D6B6-31D1ED5D000F}.Release|Any CPU.Build.0 = Release|Any CPU
		{688339FF-301A-82CE-8351-7F602D56C4E6}.Debug|Any CPU.ActiveCfg = Debug|Any CPU
		{688339FF-301A-82CE-8351-7F602D56C4E6}.Debug|Any CPU.Build.0 = Debug|Any CPU
		{688339FF-301A-82CE-8351-7F602D56C4E6}.Release|Any CPU.ActiveCfg = Release|Any CPU
		{688339FF-301A-82CE-8351-7F602D56C4E6}.Release|Any CPU.Build.0 = Release|Any CPU
	EndGlobalSection
	GlobalSection(SolutionProperties) = preSolution
		HideSolutionNode = FALSE
	EndGlobalSection
EndGlobal
